<?xml version="1.0" encoding="utf-8"?>
<Project ToolsVersion="4.0" xmlns="http://schemas.microsoft.com/developer/msbuild/2003">
  <ItemGroup>
    <ClCompile Include="Camera.cpp" />
    <ClCompile Include="cFakeRaiden.cpp" />
    <ClCompile Include="EntryPoint.cpp" />
    <ClCompile Include="Player.cpp">
      <Filter>Game Actors</Filter>
    </ClCompile>
    <ClCompile Include="Enemy.cpp">
      <Filter>Game Actors</Filter>
    </ClCompile>
    <ClCompile Include="Bullet.cpp">
      <Filter>Game Actors</Filter>
    </ClCompile>
  </ItemGroup>
  <ItemGroup>
    <ClInclude Include="Camera.h" />
    <ClInclude Include="cFakeRaiden.h" />
    <ClInclude Include="Resource Files\targetver.h">
      <Filter>Resource Files</Filter>
    </ClInclude>
    <ClInclude Include="Resource Files\Resource.h">
      <Filter>Resource Files</Filter>
    </ClInclude>
    <ClInclude Include="Pawn.h">
      <Filter>Game Actors</Filter>
    </ClInclude>
    <ClInclude Include="Player.h">
      <Filter>Game Actors</Filter>
    </ClInclude>
    <ClInclude Include="Enemy.h">
      <Filter>Game Actors</Filter>
    </ClInclude>
    <ClInclude Include="Bullet.h">
      <Filter>Game Actors</Filter>
    </ClInclude>
  </ItemGroup>
  <ItemGroup>
    <Image Include="Resource Files\eaeAlien.ico">
      <Filter>Resource Files</Filter>
    </Image>
    <Image Include="Resource Files\eaeGamePad.ico">
      <Filter>Resource Files</Filter>
    </Image>
    <Image Include="Resource Files\penguin.ico">
      <Filter>Resource Files</Filter>
    </Image>
    <Image Include="Resource Files\vsDefault_large.ico">
      <Filter>Resource Files</Filter>
    </Image>
    <Image Include="Resource Files\vsDefault_small.ico">
      <Filter>Resource Files</Filter>
    </Image>
  </ItemGroup>
  <ItemGroup>
    <Filter Include="Resource Files">
      <UniqueIdentifier>{fca302da-3592-4d4e-a528-429569bd0c71}</UniqueIdentifier>
    </Filter>
    <Filter Include="Game Actors">
      <UniqueIdentifier>{417df10c-689d-42c2-8cac-cefba1fd64da}</UniqueIdentifier>
    </Filter>
  </ItemGroup>
  <ItemGroup>
    <ResourceCompile Include="Resource Files\FakeRaiden.rc">
      <Filter>Resource Files</Filter>
    </ResourceCompile>
  </ItemGroup>
</Project>